{
  "name": "azure-js-function",
  "version": "1.0.0",
  "lockfileVersion": 2,
  "requires": true,
  "packages": {
    "": {
      "name": "azure-js-function",
      "version": "1.0.0",
      "license": "MIT",
      "devDependencies": {},
      "engines": {
        "node": "14.17"
      }
    }
  }
}
